
Microsoft Visual Studio Solution File, Format Version 12.00
Project("{FAE04EC0-301F-11D3-BF4B-00C04F79EFBC}") = "Appendix2", "Appendix2\Appendix2.csproj", "{B6C81CB2-52FA-4AE4-9DC2-7DC09D1464CB}"
EndProject
Project("{FAE04EC0-301F-11D3-BF4B-00C04F79EFBC}") = "Chapter1", "Chapter1\Chapter1.csproj", "{64FB8CE9-2468-4ADB-90B0-0886A1BA08BE}"
EndProject
Global
	GlobalSection(SolutionConfigurationPlatforms) = preSolution
		Debug|Any CPU = Debug|Any CPU
		Release|Any CPU = Release|Any CPU
	EndGlobalSection
	GlobalSection(ProjectConfigurationPlatforms) = postSolution
		{B6C81CB2-52FA-4AE4-9DC2-7DC09D1464CB}.Debug|Any CPU.ActiveCfg = Debug|Any CPU
		{B6C81CB2-52FA-4AE4-9DC2-7DC09D1464CB}.Debug|Any CPU.Build.0 = Debug|Any CPU
		{B6C81CB2-52FA-4AE4-9DC2-7DC09D1464CB}.Release|Any CPU.ActiveCfg = Release|Any CPU
		{B6C81CB2-52FA-4AE4-9DC2-7DC09D1464CB}.Release|Any CPU.Build.0 = Release|Any CPU
		{64FB8CE9-2468-4ADB-90B0-0886A1BA08BE}.Debug|Any CPU.ActiveCfg = Debug|Any CPU
		{64FB8CE9-2468-4ADB-90B0-0886A1BA08BE}.Debug|Any CPU.Build.0 = Debug|Any CPU
		{64FB8CE9-2468-4ADB-90B0-0886A1BA08BE}.Release|Any CPU.ActiveCfg = Release|Any CPU
		{64FB8CE9-2468-4ADB-90B0-0886A1BA08BE}.Release|Any CPU.Build.0 = Release|Any CPU
	EndGlobalSection
EndGlobal
